// !$*UTF8*$!
{
	archiveVersion = 1;
	classes = {
	};
	objectVersion = 52;
	objects = {

/* Begin PBXBuildFile section */
		4A228FB1238CC87B00B2545D /* StartViewController.swift in Sources */ = {isa = PBXBuildFile; fileRef = 4A228FB0238CC87B00B2545D /* StartViewController.swift */; };
		4A228FB32390007D00B2545D /* AnalyticsViewController.swift in Sources */ = {isa = PBXBuildFile; fileRef = 4A228FB22390007D00B2545D /* AnalyticsViewController.swift */; };
		4A22F25C2389F00600D30551 /* AppDelegate.swift in Sources */ = {isa = PBXBuildFile; fileRef = 4A22F25B2389F00600D30551 /* AppDelegate.swift */; };
		4A22F25E2389F00600D30551 /* SceneDelegate.swift in Sources */ = {isa = PBXBuildFile; fileRef = 4A22F25D2389F00600D30551 /* SceneDelegate.swift */; };
		4A22F2602389F00600D30551 /* ViewController.swift in Sources */ = {isa = PBXBuildFile; fileRef = 4A22F25F2389F00600D30551 /* ViewController.swift */; };
		4A22F2632389F00600D30551 /* Main.storyboard in Resources */ = {isa = PBXBuildFile; fileRef = 4A22F2612389F00600D30551 /* Main.storyboard */; };
		4A22F2652389F00800D30551 /* Assets.xcassets in Resources */ = {isa = PBXBuildFile; fileRef = 4A22F2642389F00800D30551 /* Assets.xcassets */; };
		4A22F2682389F00800D30551 /* LaunchScreen.storyboard in Resources */ = {isa = PBXBuildFile; fileRef = 4A22F2662389F00800D30551 /* LaunchScreen.storyboard */; };
		4A22F2732389F00800D30551 /* Musical_NotesTests.swift in Sources */ = {isa = PBXBuildFile; fileRef = 4A22F2722389F00800D30551 /* Musical_NotesTests.swift */; };
		4A4FF3CF239B143F005C5146 /* addBookViewController.swift in Sources */ = {isa = PBXBuildFile; fileRef = 4A4FF3CE239B143F005C5146 /* addBookViewController.swift */; };
		4A4FF3D1239B4B7F005C5146 /* timeReadViewController.swift in Sources */ = {isa = PBXBuildFile; fileRef = 4A4FF3D0239B4B7F005C5146 /* timeReadViewController.swift */; };
		4A4FF3D4239C3CE0005C5146 /* SwiftUICharts in Frameworks */ = {isa = PBXBuildFile; productRef = 4A4FF3D3239C3CE0005C5146 /* SwiftUICharts */; };
		4A4FF3D6239C3D6E005C5146 /* testViewController.swift in Sources */ = {isa = PBXBuildFile; fileRef = 4A4FF3D5239C3D6E005C5146 /* testViewController.swift */; };
		4A4FF3D9239C7066005C5146 /* UICircularProgressRing in Frameworks */ = {isa = PBXBuildFile; productRef = 4A4FF3D8239C7066005C5146 /* UICircularProgressRing */; };
		4A87E1A9238CA21200A0BABA /* Pods_Musical_Notes.framework in Frameworks */ = {isa = PBXBuildFile; fileRef = D38E7EEC878FC3A1DACF0AF1 /* Pods_Musical_Notes.framework */; };
		4A87E1AA238CA21200A0BABA /* Pods_Musical_Notes.framework in Embed Frameworks */ = {isa = PBXBuildFile; fileRef = D38E7EEC878FC3A1DACF0AF1 /* Pods_Musical_Notes.framework */; settings = {ATTRIBUTES = (CodeSignOnCopy, RemoveHeadersOnCopy, ); }; };
		4AAAC8212395AF3E00565E43 /* QuickViewAnalyticsViewController.swift in Sources */ = {isa = PBXBuildFile; fileRef = 4AAAC8202395AF3E00565E43 /* QuickViewAnalyticsViewController.swift */; };
		DF4D10DF8984EBAB7EC608B3 /* Pods_Musical_NotesTests.framework in Frameworks */ = {isa = PBXBuildFile; fileRef = C30E5F2834292C2742D84B8D /* Pods_Musical_NotesTests.framework */; };
/* End PBXBuildFile section */

/* Begin PBXContainerItemProxy section */
		4A22F26F2389F00800D30551 /* PBXContainerItemProxy */ = {
			isa = PBXContainerItemProxy;
			containerPortal = 4A22F2502389F00600D30551 /* Project object */;
			proxyType = 1;
			remoteGlobalIDString = 4A22F2572389F00600D30551;
			remoteInfo = "Musical Notes";
		};
/* End PBXContainerItemProxy section */

/* Begin PBXCopyFilesBuildPhase section */
		4A87E1A8238CA20800A0BABA /* Embed Frameworks */ = {
			isa = PBXCopyFilesBuildPhase;
			buildActionMask = 2147483647;
			dstPath = "";
			dstSubfolderSpec = 10;
			files = (
				4A87E1AA238CA21200A0BABA /* Pods_Musical_Notes.framework in Embed Frameworks */,
			);
			name = "Embed Frameworks";
			runOnlyForDeploymentPostprocessing = 0;
		};
/* End PBXCopyFilesBuildPhase section */

/* Begin PBXFileReference section */
		15FD30F808EC7064250FB3BF /* Pods-Musical NotesTests.release.xcconfig */ = {isa = PBXFileReference; includeInIndex = 1; lastKnownFileType = text.xcconfig; name = "Pods-Musical NotesTests.release.xcconfig"; path = "Target Support Files/Pods-Musical NotesTests/Pods-Musical NotesTests.release.xcconfig"; sourceTree = "<group>"; };
		2CF6500B9F74E29240795AEE /* Pods-Musical NotesTests.debug.xcconfig */ = {isa = PBXFileReference; includeInIndex = 1; lastKnownFileType = text.xcconfig; name = "Pods-Musical NotesTests.debug.xcconfig"; path = "Target Support Files/Pods-Musical NotesTests/Pods-Musical NotesTests.debug.xcconfig"; sourceTree = "<group>"; };
		4A196A34238CA11F00AB1120 /* Charts.framework */ = {isa = PBXFileReference; explicitFileType = wrapper.framework; path = Charts.framework; sourceTree = BUILT_PRODUCTS_DIR; };
		4A228FB0238CC87B00B2545D /* StartViewController.swift */ = {isa = PBXFileReference; lastKnownFileType = sourcecode.swift; path = StartViewController.swift; sourceTree = "<group>"; };
		4A228FB22390007D00B2545D /* AnalyticsViewController.swift */ = {isa = PBXFileReference; lastKnownFileType = sourcecode.swift; name = AnalyticsViewController.swift; path = "/Users/Hayato/Desktop/Musical Notes/Musical Notes/AnalyticsViewController.swift"; sourceTree = "<absolute>"; };
		4A22F2582389F00600D30551 /* Musical Notes.app */ = {isa = PBXFileReference; explicitFileType = wrapper.application; includeInIndex = 0; path = "Musical Notes.app"; sourceTree = BUILT_PRODUCTS_DIR; };
		4A22F25B2389F00600D30551 /* AppDelegate.swift */ = {isa = PBXFileReference; lastKnownFileType = sourcecode.swift; path = AppDelegate.swift; sourceTree = "<group>"; };
		4A22F25D2389F00600D30551 /* SceneDelegate.swift */ = {isa = PBXFileReference; lastKnownFileType = sourcecode.swift; path = SceneDelegate.swift; sourceTree = "<group>"; };
		4A22F25F2389F00600D30551 /* ViewController.swift */ = {isa = PBXFileReference; lastKnownFileType = sourcecode.swift; path = ViewController.swift; sourceTree = "<group>"; };
		4A22F2622389F00600D30551 /* Base */ = {isa = PBXFileReference; lastKnownFileType = file.storyboard; name = Base; path = Base.lproj/Main.storyboard; sourceTree = "<group>"; };
		4A22F2642389F00800D30551 /* Assets.xcassets */ = {isa = PBXFileReference; lastKnownFileType = folder.assetcatalog; path = Assets.xcassets; sourceTree = "<group>"; };
		4A22F2672389F00800D30551 /* Base */ = {isa = PBXFileReference; lastKnownFileType = file.storyboard; name = Base; path = Base.lproj/LaunchScreen.storyboard; sourceTree = "<group>"; };
		4A22F2692389F00800D30551 /* Info.plist */ = {isa = PBXFileReference; lastKnownFileType = text.plist.xml; path = Info.plist; sourceTree = "<group>"; };
		4A22F26E2389F00800D30551 /* Musical NotesTests.xctest */ = {isa = PBXFileReference; explicitFileType = wrapper.cfbundle; includeInIndex = 0; path = "Musical NotesTests.xctest"; sourceTree = BUILT_PRODUCTS_DIR; };
		4A22F2722389F00800D30551 /* Musical_NotesTests.swift */ = {isa = PBXFileReference; lastKnownFileType = sourcecode.swift; path = Musical_NotesTests.swift; sourceTree = "<group>"; };
		4A22F2742389F00800D30551 /* Info.plist */ = {isa = PBXFileReference; lastKnownFileType = text.plist.xml; path = Info.plist; sourceTree = "<group>"; };
		4A4FF3CE239B143F005C5146 /* addBookViewController.swift */ = {isa = PBXFileReference; lastKnownFileType = sourcecode.swift; path = addBookViewController.swift; sourceTree = "<group>"; };
		4A4FF3D0239B4B7F005C5146 /* timeReadViewController.swift */ = {isa = PBXFileReference; lastKnownFileType = sourcecode.swift; path = timeReadViewController.swift; sourceTree = "<group>"; };
		4A4FF3D5239C3D6E005C5146 /* testViewController.swift */ = {isa = PBXFileReference; lastKnownFileType = sourcecode.swift; path = testViewController.swift; sourceTree = "<group>"; };
		4AAAC8202395AF3E00565E43 /* QuickViewAnalyticsViewController.swift */ = {isa = PBXFileReference; lastKnownFileType = sourcecode.swift; path = QuickViewAnalyticsViewController.swift; sourceTree = "<group>"; };
		70F8BD7FF89302C8D0E7A0A3 /* Pods-Musical Notes.release.xcconfig */ = {isa = PBXFileReference; includeInIndex = 1; lastKnownFileType = text.xcconfig; name = "Pods-Musical Notes.release.xcconfig"; path = "Target Support Files/Pods-Musical Notes/Pods-Musical Notes.release.xcconfig"; sourceTree = "<group>"; };
		C30E5F2834292C2742D84B8D /* Pods_Musical_NotesTests.framework */ = {isa = PBXFileReference; explicitFileType = wrapper.framework; includeInIndex = 0; path = Pods_Musical_NotesTests.framework; sourceTree = BUILT_PRODUCTS_DIR; };
		C58ADF2D4ED14A6129AB5A18 /* Pods-Musical Notes.debug.xcconfig */ = {isa = PBXFileReference; includeInIndex = 1; lastKnownFileType = text.xcconfig; name = "Pods-Musical Notes.debug.xcconfig"; path = "Target Support Files/Pods-Musical Notes/Pods-Musical Notes.debug.xcconfig"; sourceTree = "<group>"; };
		D38E7EEC878FC3A1DACF0AF1 /* Pods_Musical_Notes.framework */ = {isa = PBXFileReference; explicitFileType = wrapper.framework; includeInIndex = 0; path = Pods_Musical_Notes.framework; sourceTree = BUILT_PRODUCTS_DIR; };
/* End PBXFileReference section */

/* Begin PBXFrameworksBuildPhase section */
		4A22F2552389F00600D30551 /* Frameworks */ = {
			isa = PBXFrameworksBuildPhase;
			buildActionMask = 2147483647;
			files = (
				4A4FF3D9239C7066005C5146 /* UICircularProgressRing in Frameworks */,
				4A87E1A9238CA21200A0BABA /* Pods_Musical_Notes.framework in Frameworks */,
				4A4FF3D4239C3CE0005C5146 /* SwiftUICharts in Frameworks */,
			);
			runOnlyForDeploymentPostprocessing = 0;
		};
		4A22F26B2389F00800D30551 /* Frameworks */ = {
			isa = PBXFrameworksBuildPhase;
			buildActionMask = 2147483647;
			files = (
				DF4D10DF8984EBAB7EC608B3 /* Pods_Musical_NotesTests.framework in Frameworks */,
			);
			runOnlyForDeploymentPostprocessing = 0;
		};
/* End PBXFrameworksBuildPhase section */

/* Begin PBXGroup section */
		4A22F24F2389F00600D30551 = {
			isa = PBXGroup;
			children = (
				4A22F25A2389F00600D30551 /* Musical Notes */,
				4A22F2712389F00800D30551 /* Musical NotesTests */,
				4A22F2592389F00600D30551 /* Products */,
				A098E6DA54592A9E682AFAEB /* Pods */,
				B4D65FE927B9F2380B077440 /* Frameworks */,
			);
			sourceTree = "<group>";
		};
		4A22F2592389F00600D30551 /* Products */ = {
			isa = PBXGroup;
			children = (
				4A22F2582389F00600D30551 /* Musical Notes.app */,
				4A22F26E2389F00800D30551 /* Musical NotesTests.xctest */,
			);
			name = Products;
			sourceTree = "<group>";
		};
		4A22F25A2389F00600D30551 /* Musical Notes */ = {
			isa = PBXGroup;
			children = (
				4A22F25B2389F00600D30551 /* AppDelegate.swift */,
				4A22F25D2389F00600D30551 /* SceneDelegate.swift */,
				4A22F25F2389F00600D30551 /* ViewController.swift */,
				4A22F2612389F00600D30551 /* Main.storyboard */,
				4A4FF3D0239B4B7F005C5146 /* timeReadViewController.swift */,
				4A4FF3CE239B143F005C5146 /* addBookViewController.swift */,
				4AAAC8202395AF3E00565E43 /* QuickViewAnalyticsViewController.swift */,
				4A228FB22390007D00B2545D /* AnalyticsViewController.swift */,
				4A228FB0238CC87B00B2545D /* StartViewController.swift */,
				4A4FF3D5239C3D6E005C5146 /* testViewController.swift */,
				4A22F2642389F00800D30551 /* Assets.xcassets */,
				4A22F2662389F00800D30551 /* LaunchScreen.storyboard */,
				4A22F2692389F00800D30551 /* Info.plist */,
			);
			path = "Musical Notes";
			sourceTree = "<group>";
		};
		4A22F2712389F00800D30551 /* Musical NotesTests */ = {
			isa = PBXGroup;
			children = (
				4A22F2722389F00800D30551 /* Musical_NotesTests.swift */,
				4A22F2742389F00800D30551 /* Info.plist */,
			);
			path = "Musical NotesTests";
			sourceTree = "<group>";
		};
		A098E6DA54592A9E682AFAEB /* Pods */ = {
			isa = PBXGroup;
			children = (
				C58ADF2D4ED14A6129AB5A18 /* Pods-Musical Notes.debug.xcconfig */,
				70F8BD7FF89302C8D0E7A0A3 /* Pods-Musical Notes.release.xcconfig */,
				2CF6500B9F74E29240795AEE /* Pods-Musical NotesTests.debug.xcconfig */,
				15FD30F808EC7064250FB3BF /* Pods-Musical NotesTests.release.xcconfig */,
			);
			path = Pods;
			sourceTree = "<group>";
		};
		B4D65FE927B9F2380B077440 /* Frameworks */ = {
			isa = PBXGroup;
			children = (
				4A196A34238CA11F00AB1120 /* Charts.framework */,
				D38E7EEC878FC3A1DACF0AF1 /* Pods_Musical_Notes.framework */,
				C30E5F2834292C2742D84B8D /* Pods_Musical_NotesTests.framework */,
			);
			name = Frameworks;
			sourceTree = "<group>";
		};
/* End PBXGroup section */

/* Begin PBXNativeTarget section */
		4A22F2572389F00600D30551 /* Musical Notes */ = {
			isa = PBXNativeTarget;
			buildConfigurationList = 4A22F2772389F00800D30551 /* Build configuration list for PBXNativeTarget "Musical Notes" */;
			buildPhases = (
				7F4ADAE323EC57C6DC4D6236 /* [CP] Check Pods Manifest.lock */,
				4A22F2542389F00600D30551 /* Sources */,
				4A22F2552389F00600D30551 /* Frameworks */,
				4A22F2562389F00600D30551 /* Resources */,
				4A9AF915878EA683E8EF4F07 /* [CP] Embed Pods Frameworks */,
				4A87E1A8238CA20800A0BABA /* Embed Frameworks */,
			);
			buildRules = (
			);
			dependencies = (
			);
			name = "Musical Notes";
			packageProductDependencies = (
				4A4FF3D3239C3CE0005C5146 /* SwiftUICharts */,
				4A4FF3D8239C7066005C5146 /* UICircularProgressRing */,
			);
			productName = "Musical Notes";
			productReference = 4A22F2582389F00600D30551 /* Musical Notes.app */;
			productType = "com.apple.product-type.application";
		};
		4A22F26D2389F00800D30551 /* Musical NotesTests */ = {
			isa = PBXNativeTarget;
			buildConfigurationList = 4A22F27A2389F00800D30551 /* Build configuration list for PBXNativeTarget "Musical NotesTests" */;
			buildPhases = (
				8AF6506985CFA1B0319942CB /* [CP] Check Pods Manifest.lock */,
				4A22F26A2389F00800D30551 /* Sources */,
				4A22F26B2389F00800D30551 /* Frameworks */,
				4A22F26C2389F00800D30551 /* Resources */,
				0A1D24584AB0B6EC4728BDEB /* [CP] Embed Pods Frameworks */,
			);
			buildRules = (
			);
			dependencies = (
				4A22F2702389F00800D30551 /* PBXTargetDependency */,
			);
			name = "Musical NotesTests";
			productName = "Musical NotesTests";
			productReference = 4A22F26E2389F00800D30551 /* Musical NotesTests.xctest */;
			productType = "com.apple.product-type.bundle.unit-test";
		};
/* End PBXNativeTarget section */

/* Begin PBXProject section */
		4A22F2502389F00600D30551 /* Project object */ = {
			isa = PBXProject;
			attributes = {
				LastSwiftUpdateCheck = 1120;
				LastUpgradeCheck = 1120;
				ORGANIZATIONNAME = Hayatopia;
				TargetAttributes = {
					4A22F2572389F00600D30551 = {
						CreatedOnToolsVersion = 11.2.1;
					};
					4A22F26D2389F00800D30551 = {
						CreatedOnToolsVersion = 11.2.1;
						TestTargetID = 4A22F2572389F00600D30551;
					};
				};
			};
			buildConfigurationList = 4A22F2532389F00600D30551 /* Build configuration list for PBXProject "Musical Notes" */;
			compatibilityVersion = "Xcode 9.3";
			developmentRegion = en;
			hasScannedForEncodings = 0;
			knownRegions = (
				en,
				Base,
			);
			mainGroup = 4A22F24F2389F00600D30551;
			packageReferences = (
				4A4FF3D2239C3CE0005C5146 /* XCRemoteSwiftPackageReference "ChartView" */,
				4A4FF3D7239C7066005C5146 /* XCRemoteSwiftPackageReference "UICircularProgressRing" */,
			);
			productRefGroup = 4A22F2592389F00600D30551 /* Products */;
			projectDirPath = "";
			projectRoot = "";
			targets = (
				4A22F2572389F00600D30551 /* Musical Notes */,
				4A22F26D2389F00800D30551 /* Musical NotesTests */,
			);
		};
/* End PBXProject section */

/* Begin PBXResourcesBuildPhase section */
		4A22F2562389F00600D30551 /* Resources */ = {
			isa = PBXResourcesBuildPhase;
			buildActionMask = 2147483647;
			files = (
				4A22F2682389F00800D30551 /* LaunchScreen.storyboard in Resources */,
				4A22F2652389F00800D30551 /* Assets.xcassets in Resources */,
				4A22F2632389F00600D30551 /* Main.storyboard in Resources */,
			);
			runOnlyForDeploymentPostprocessing = 0;
		};
		4A22F26C2389F00800D30551 /* Resources */ = {
			isa = PBXResourcesBuildPhase;
			buildActionMask = 2147483647;
			files = (
			);
			runOnlyForDeploymentPostprocessing = 0;
		};
/* End PBXResourcesBuildPhase section */

/* Begin PBXShellScriptBuildPhase section */
		0A1D24584AB0B6EC4728BDEB /* [CP] Embed Pods Frameworks */ = {
			isa = PBXShellScriptBuildPhase;
			buildActionMask = 2147483647;
			files = (
			);
			inputFileListPaths = (
			);
			inputPaths = (
				"${PODS_ROOT}/Target Support Files/Pods-Musical NotesTests/Pods-Musical NotesTests-frameworks.sh",
				"${BUILT_PRODUCTS_DIR}/Charts/Charts.framework",
			);
			name = "[CP] Embed Pods Frameworks";
			outputFileListPaths = (
			);
			outputPaths = (
				"${TARGET_BUILD_DIR}/${FRAMEWORKS_FOLDER_PATH}/Charts.framework",
			);
			runOnlyForDeploymentPostprocessing = 0;
			shellPath = /bin/sh;
			shellScript = "\"${PODS_ROOT}/Target Support Files/Pods-Musical NotesTests/Pods-Musical NotesTests-frameworks.sh\"\n";
			showEnvVarsInLog = 0;
		};
		4A9AF915878EA683E8EF4F07 /* [CP] Embed Pods Frameworks */ = {
			isa = PBXShellScriptBuildPhase;
			buildActionMask = 2147483647;
			files = (
			);
			inputFileListPaths = (
			);
			inputPaths = (
				"${PODS_ROOT}/Target Support Files/Pods-Musical Notes/Pods-Musical Notes-frameworks.sh",
				"${BUILT_PRODUCTS_DIR}/Charts/Charts.framework",
			);
			name = "[CP] Embed Pods Frameworks";
			outputFileListPaths = (
			);
			outputPaths = (
				"${TARGET_BUILD_DIR}/${FRAMEWORKS_FOLDER_PATH}/Charts.framework",
			);
			runOnlyForDeploymentPostprocessing = 0;
			shellPath = /bin/sh;
			shellScript = "\"${PODS_ROOT}/Target Support Files/Pods-Musical Notes/Pods-Musical Notes-frameworks.sh\"\n";
			showEnvVarsInLog = 0;
		};
		7F4ADAE323EC57C6DC4D6236 /* [CP] Check Pods Manifest.lock */ = {
			isa = PBXShellScriptBuildPhase;
			buildActionMask = 2147483647;
			files = (
			);
			inputFileListPaths = (
			);
			inputPaths = (
				"${PODS_PODFILE_DIR_PATH}/Podfile.lock",
				"${PODS_ROOT}/Manifest.lock",
			);
			name = "[CP] Check Pods Manifest.lock";
			outputFileListPaths = (
			);
			outputPaths = (
				"$(DERIVED_FILE_DIR)/Pods-Musical Notes-checkManifestLockResult.txt",
			);
			runOnlyForDeploymentPostprocessing = 0;
			shellPath = /bin/sh;
			shellScript = "diff \"${PODS_PODFILE_DIR_PATH}/Podfile.lock\" \"${PODS_ROOT}/Manifest.lock\" > /dev/null\nif [ $? != 0 ] ; then\n    # print error to STDERR\n    echo \"error: The sandbox is not in sync with the Podfile.lock. Run 'pod install' or update your CocoaPods installation.\" >&2\n    exit 1\nfi\n# This output is used by Xcode 'outputs' to avoid re-running this script phase.\necho \"SUCCESS\" > \"${SCRIPT_OUTPUT_FILE_0}\"\n";
			showEnvVarsInLog = 0;
		};
		8AF6506985CFA1B0319942CB /* [CP] Check Pods Manifest.lock */ = {
			isa = PBXShellScriptBuildPhase;
			buildActionMask = 2147483647;
			files = (
			);
			inputFileListPaths = (
			);
			inputPaths = (
				"${PODS_PODFILE_DIR_PATH}/Podfile.lock",
				"${PODS_ROOT}/Manifest.lock",
			);
			name = "[CP] Check Pods Manifest.lock";
			outputFileListPaths = (
			);
			outputPaths = (
				"$(DERIVED_FILE_DIR)/Pods-Musical NotesTests-checkManifestLockResult.txt",
			);
			runOnlyForDeploymentPostprocessing = 0;
			shellPath = /bin/sh;
			shellScript = "diff \"${PODS_PODFILE_DIR_PATH}/Podfile.lock\" \"${PODS_ROOT}/Manifest.lock\" > /dev/null\nif [ $? != 0 ] ; then\n    # print error to STDERR\n    echo \"error: The sandbox is not in sync with the Podfile.lock. Run 'pod install' or update your CocoaPods installation.\" >&2\n    exit 1\nfi\n# This output is used by Xcode 'outputs' to avoid re-running this script phase.\necho \"SUCCESS\" > \"${SCRIPT_OUTPUT_FILE_0}\"\n";
			showEnvVarsInLog = 0;
		};
/* End PBXShellScriptBuildPhase section */

/* Begin PBXSourcesBuildPhase section */
		4A22F2542389F00600D30551 /* Sources */ = {
			isa = PBXSourcesBuildPhase;
			buildActionMask = 2147483647;
			files = (
				4A22F2602389F00600D30551 /* ViewController.swift in Sources */,
				4A4FF3D1239B4B7F005C5146 /* timeReadViewController.swift in Sources */,
				4A228FB1238CC87B00B2545D /* StartViewController.swift in Sources */,
				4A4FF3D6239C3D6E005C5146 /* testViewController.swift in Sources */,
				4AAAC8212395AF3E00565E43 /* QuickViewAnalyticsViewController.swift in Sources */,
				4A4FF3CF239B143F005C5146 /* addBookViewController.swift in Sources */,
				4A228FB32390007D00B2545D /* AnalyticsViewController.swift in Sources */,
				4A22F25C2389F00600D30551 /* AppDelegate.swift in Sources */,
				4A22F25E2389F00600D30551 /* SceneDelegate.swift in Sources */,
			);
			runOnlyForDeploymentPostprocessing = 0;
		};
		4A22F26A2389F00800D30551 /* Sources */ = {
			isa = PBXSourcesBuildPhase;
			buildActionMask = 2147483647;
			files = (
				4A22F2732389F00800D30551 /* Musical_NotesTests.swift in Sources */,
			);
			runOnlyForDeploymentPostprocessing = 0;
		};
/* End PBXSourcesBuildPhase section */

/* Begin PBXTargetDependency section */
		4A22F2702389F00800D30551 /* PBXTargetDependency */ = {
			isa = PBXTargetDependency;
			target = 4A22F2572389F00600D30551 /* Musical Notes */;
			targetProxy = 4A22F26F2389F00800D30551 /* PBXContainerItemProxy */;
		};
/* End PBXTargetDependency section */

/* Begin PBXVariantGroup section */
		4A22F2612389F00600D30551 /* Main.storyboard */ = {
			isa = PBXVariantGroup;
			children = (
				4A22F2622389F00600D30551 /* Base */,
			);
			name = Main.storyboard;
			sourceTree = "<group>";
		};
		4A22F2662389F00800D30551 /* LaunchScreen.storyboard */ = {
			isa = PBXVariantGroup;
			children = (
				4A22F2672389F00800D30551 /* Base */,
			);
			name = LaunchScreen.storyboard;
			sourceTree = "<group>";
		};
/* End PBXVariantGroup section */

/* Begin XCBuildConfiguration section */
		4A22F2752389F00800D30551 /* Debug */ = {
			isa = XCBuildConfiguration;
			buildSettings = {
				ALWAYS_SEARCH_USER_PATHS = NO;
				CLANG_ANALYZER_NONNULL = YES;
				CLANG_ANALYZER_NUMBER_OBJECT_CONVERSION = YES_AGGRESSIVE;
				CLANG_CXX_LANGUAGE_STANDARD = "gnu++14";
				CLANG_CXX_LIBRARY = "libc++";
				CLANG_ENABLE_MODULES = YES;
				CLANG_ENABLE_OBJC_ARC = YES;
				CLANG_ENABLE_OBJC_WEAK = YES;
				CLANG_WARN_BLOCK_CAPTURE_AUTORELEASING = YES;
				CLANG_WARN_BOOL_CONVERSION = YES;
				CLANG_WARN_COMMA = YES;
				CLANG_WARN_CONSTANT_CONVERSION = YES;
				CLANG_WARN_DEPRECATED_OBJC_IMPLEMENTATIONS = YES;
				CLANG_WARN_DIRECT_OBJC_ISA_USAGE = YES_ERROR;
				CLANG_WARN_DOCUMENTATION_COMMENTS = YES;
				CLANG_WARN_EMPTY_BODY = YES;
				CLANG_WARN_ENUM_CONVERSION = YES;
				CLANG_WARN_INFINITE_RECURSION = YES;
				CLANG_WARN_INT_CONVERSION = YES;
				CLANG_WARN_NON_LITERAL_NULL_CONVERSION = YES;
				CLANG_WARN_OBJC_IMPLICIT_RETAIN_SELF = YES;
				CLANG_WARN_OBJC_LITERAL_CONVERSION = YES;
				CLANG_WARN_OBJC_ROOT_CLASS = YES_ERROR;
				CLANG_WARN_RANGE_LOOP_ANALYSIS = YES;
				CLANG_WARN_STRICT_PROTOTYPES = YES;
				CLANG_WARN_SUSPICIOUS_MOVE = YES;
				CLANG_WARN_UNGUARDED_AVAILABILITY = YES_AGGRESSIVE;
				CLANG_WARN_UNREACHABLE_CODE = YES;
				CLANG_WARN__DUPLICATE_METHOD_MATCH = YES;
				COPY_PHASE_STRIP = NO;
				DEBUG_INFORMATION_FORMAT = dwarf;
				ENABLE_STRICT_OBJC_MSGSEND = YES;
				ENABLE_TESTABILITY = YES;
				GCC_C_LANGUAGE_STANDARD = gnu11;
				GCC_DYNAMIC_NO_PIC = NO;
				GCC_NO_COMMON_BLOCKS = YES;
				GCC_OPTIMIZATION_LEVEL = 0;
				GCC_PREPROCESSOR_DEFINITIONS = (
					"DEBUG=1",
					"$(inherited)",
				);
				GCC_WARN_64_TO_32_BIT_CONVERSION = YES;
				GCC_WARN_ABOUT_RETURN_TYPE = YES_ERROR;
				GCC_WARN_UNDECLARED_SELECTOR = YES;
				GCC_WARN_UNINITIALIZED_AUTOS = YES_AGGRESSIVE;
				GCC_WARN_UNUSED_FUNCTION = YES;
				GCC_WARN_UNUSED_VARIABLE = YES;
				IPHONEOS_DEPLOYMENT_TARGET = 13.0;
				MTL_ENABLE_DEBUG_INFO = INCLUDE_SOURCE;
				MTL_FAST_MATH = YES;
				ONLY_ACTIVE_ARCH = YES;
				SDKROOT = iphoneos;
				SWIFT_ACTIVE_COMPILATION_CONDITIONS = DEBUG;
				SWIFT_OPTIMIZATION_LEVEL = "-Onone";
			};
			name = Debug;
		};
		4A22F2762389F00800D30551 /* Release */ = {
			isa = XCBuildConfiguration;
			buildSettings = {
				ALWAYS_SEARCH_USER_PATHS = NO;
				CLANG_ANALYZER_NONNULL = YES;
				CLANG_ANALYZER_NUMBER_OBJECT_CONVERSION = YES_AGGRESSIVE;
				CLANG_CXX_LANGUAGE_STANDARD = "gnu++14";
				CLANG_CXX_LIBRARY = "libc++";
				CLANG_ENABLE_MODULES = YES;
				CLANG_ENABLE_OBJC_ARC = YES;
				CLANG_ENABLE_OBJC_WEAK = YES;
				CLANG_WARN_BLOCK_CAPTURE_AUTORELEASING = YES;
				CLANG_WARN_BOOL_CONVERSION = YES;
				CLANG_WARN_COMMA = YES;
				CLANG_WARN_CONSTANT_CONVERSION = YES;
				CLANG_WARN_DEPRECATED_OBJC_IMPLEMENTATIONS = YES;
				CLANG_WARN_DIRECT_OBJC_ISA_USAGE = YES_ERROR;
				CLANG_WARN_DOCUMENTATION_COMMENTS = YES;
				CLANG_WARN_EMPTY_BODY = YES;
				CLANG_WARN_ENUM_CONVERSION = YES;
				CLANG_WARN_INFINITE_RECURSION = YES;
				CLANG_WARN_INT_CONVERSION = YES;
				CLANG_WARN_NON_LITERAL_NULL_CONVERSION = YES;
				CLANG_WARN_OBJC_IMPLICIT_RETAIN_SELF = YES;
				CLANG_WARN_OBJC_LITERAL_CONVERSION = YES;
				CLANG_WARN_OBJC_ROOT_CLASS = YES_ERROR;
				CLANG_WARN_RANGE_LOOP_ANALYSIS = YES;
				CLANG_WARN_STRICT_PROTOTYPES = YES;
				CLANG_WARN_SUSPICIOUS_MOVE = YES;
				CLANG_WARN_UNGUARDED_AVAILABILITY = YES_AGGRESSIVE;
				CLANG_WARN_UNREACHABLE_CODE = YES;
				CLANG_WARN__DUPLICATE_METHOD_MATCH = YES;
				COPY_PHASE_STRIP = NO;
				DEBUG_INFORMATION_FORMAT = "dwarf-with-dsym";
				ENABLE_NS_ASSERTIONS = NO;
				ENABLE_STRICT_OBJC_MSGSEND = YES;
				GCC_C_LANGUAGE_STANDARD = gnu11;
				GCC_NO_COMMON_BLOCKS = YES;
				GCC_WARN_64_TO_32_BIT_CONVERSION = YES;
				GCC_WARN_ABOUT_RETURN_TYPE = YES_ERROR;
				GCC_WARN_UNDECLARED_SELECTOR = YES;
				GCC_WARN_UNINITIALIZED_AUTOS = YES_AGGRESSIVE;
				GCC_WARN_UNUSED_FUNCTION = YES;
				GCC_WARN_UNUSED_VARIABLE = YES;
				IPHONEOS_DEPLOYMENT_TARGET = 13.0;
				MTL_ENABLE_DEBUG_INFO = NO;
				MTL_FAST_MATH = YES;
				SDKROOT = iphoneos;
				SWIFT_COMPILATION_MODE = wholemodule;
				SWIFT_OPTIMIZATION_LEVEL = "-O";
				VALIDATE_PRODUCT = YES;
			};
			name = Release;
		};
		4A22F2782389F00800D30551 /* Debug */ = {
			isa = XCBuildConfiguration;
			baseConfigurationReference = C58ADF2D4ED14A6129AB5A18 /* Pods-Musical Notes.debug.xcconfig */;
			buildSettings = {
				ASSETCATALOG_COMPILER_APPICON_NAME = AppIcon;
				CODE_SIGN_STYLE = Automatic;
				DEVELOPMENT_TEAM = 9P4SKX633D;
				INFOPLIST_FILE = "Musical Notes/Info.plist";
				IPHONEOS_DEPLOYMENT_TARGET = 13.0;
				LD_RUNPATH_SEARCH_PATHS = (
					"$(inherited)",
					"@executable_path/Frameworks",
				);
				PRODUCT_BUNDLE_IDENTIFIER = "com.hayatopia.Musical-Notes";
				PRODUCT_NAME = "$(TARGET_NAME)";
				SWIFT_VERSION = 5.0;
				TARGETED_DEVICE_FAMILY = "1,2";
			};
			name = Debug;
		};
		4A22F2792389F00800D30551 /* Release */ = {
			isa = XCBuildConfiguration;
			baseConfigurationReference = 70F8BD7FF89302C8D0E7A0A3 /* Pods-Musical Notes.release.xcconfig */;
			buildSettings = {
				ASSETCATALOG_COMPILER_APPICON_NAME = AppIcon;
				CODE_SIGN_STYLE = Automatic;
				DEVELOPMENT_TEAM = 9P4SKX633D;
				INFOPLIST_FILE = "Musical Notes/Info.plist";
				IPHONEOS_DEPLOYMENT_TARGET = 13.0;
				LD_RUNPATH_SEARCH_PATHS = (
					"$(inherited)",
					"@executable_path/Frameworks",
				);
				PRODUCT_BUNDLE_IDENTIFIER = "com.hayatopia.Musical-Notes";
				PRODUCT_NAME = "$(TARGET_NAME)";
				SWIFT_VERSION = 5.0;
				TARGETED_DEVICE_FAMILY = "1,2";
			};
			name = Release;
		};
		4A22F27B2389F00800D30551 /* Debug */ = {
			isa = XCBuildConfiguration;
			baseConfigurationReference = 2CF6500B9F74E29240795AEE /* Pods-Musical NotesTests.debug.xcconfig */;
			buildSettings = {
				ALWAYS_EMBED_SWIFT_STANDARD_LIBRARIES = YES;
				BUNDLE_LOADER = "$(TEST_HOST)";
				CODE_SIGN_STYLE = Automatic;
				DEVELOPMENT_TEAM = 9P4SKX633D;
				INFOPLIST_FILE = "Musical NotesTests/Info.plist";
				IPHONEOS_DEPLOYMENT_TARGET = 13.2;
				LD_RUNPATH_SEARCH_PATHS = (
					"$(inherited)",
					"@executable_path/Frameworks",
					"@loader_path/Frameworks",
				);
				PRODUCT_BUNDLE_IDENTIFIER = "com.hayatopia.Musical-NotesTests";
				PRODUCT_NAME = "$(TARGET_NAME)";
				SWIFT_VERSION = 5.0;
				TARGETED_DEVICE_FAMILY = "1,2";
				TEST_HOST = "$(BUILT_PRODUCTS_DIR)/Musical Notes.app/Musical Notes";
			};
			name = Debug;
		};
		4A22F27C2389F00800D30551 /* Release */ = {
			isa = XCBuildConfiguration;
			baseConfigurationReference = 15FD30F808EC7064250FB3BF /* Pods-Musical NotesTests.release.xcconfig */;
			buildSettings = {
				ALWAYS_EMBED_SWIFT_STANDARD_LIBRARIES = YES;
				BUNDLE_LOADER = "$(TEST_HOST)";
				CODE_SIGN_STYLE = Automatic;
				DEVELOPMENT_TEAM = 9P4SKX633D;
				INFOPLIST_FILE = "Musical NotesTests/Info.plist";
				IPHONEOS_DEPLOYMENT_TARGET = 13.2;
				LD_RUNPATH_SEARCH_PATHS = (
					"$(inherited)",
					"@executable_path/Frameworks",
					"@loader_path/Frameworks",
				);
				PRODUCT_BUNDLE_IDENTIFIER = "com.hayatopia.Musical-NotesTests";
				PRODUCT_NAME = "$(TARGET_NAME)";
				SWIFT_VERSION = 5.0;
				TARGETED_DEVICE_FAMILY = "1,2";
				TEST_HOST = "$(BUILT_PRODUCTS_DIR)/Musical Notes.app/Musical Notes";
			};
			name = Release;
		};
/* End XCBuildConfiguration section */

/* Begin XCConfigurationList section */
		4A22F2532389F00600D30551 /* Build configuration list for PBXProject "Musical Notes" */ = {
			isa = XCConfigurationList;
			buildConfigurations = (
				4A22F2752389F00800D30551 /* Debug */,
				4A22F2762389F00800D30551 /* Release */,
			);
			defaultConfigurationIsVisible = 0;
			defaultConfigurationName = Release;
		};
		4A22F2772389F00800D30551 /* Build configuration list for PBXNativeTarget "Musical Notes" */ = {
			isa = XCConfigurationList;
			buildConfigurations = (
				4A22F2782389F00800D30551 /* Debug */,
				4A22F2792389F00800D30551 /* Release */,
			);
			defaultConfigurationIsVisible = 0;
			defaultConfigurationName = Release;
		};
		4A22F27A2389F00800D30551 /* Build configuration list for PBXNativeTarget "Musical NotesTests" */ = {
			isa = XCConfigurationList;
			buildConfigurations = (
				4A22F27B2389F00800D30551 /* Debug */,
				4A22F27C2389F00800D30551 /* Release */,
			);
			defaultConfigurationIsVisible = 0;
			defaultConfigurationName = Release;
		};
/* End XCConfigurationList section */

/* Begin XCRemoteSwiftPackageReference section */
		4A4FF3D2239C3CE0005C5146 /* XCRemoteSwiftPackageReference "ChartView" */ = {
			isa = XCRemoteSwiftPackageReference;
			repositoryURL = "https://github.com/AppPear/ChartView";
			requirement = {
				kind = upToNextMajorVersion;
				minimumVersion = 1.4.2;
			};
		};
		4A4FF3D7239C7066005C5146 /* XCRemoteSwiftPackageReference "UICircularProgressRing" */ = {
			isa = XCRemoteSwiftPackageReference;
			repositoryURL = "https://github.com/luispadron/UICircularProgressRing";
			requirement = {
				kind = upToNextMajorVersion;
				minimumVersion = 6.4.0;
			};
		};
/* End XCRemoteSwiftPackageReference section */

/* Begin XCSwiftPackageProductDependency section */
		4A4FF3D3239C3CE0005C5146 /* SwiftUICharts */ = {
			isa = XCSwiftPackageProductDependency;
			package = 4A4FF3D2239C3CE0005C5146 /* XCRemoteSwiftPackageReference "ChartView" */;
			productName = SwiftUICharts;
		};
		4A4FF3D8239C7066005C5146 /* UICircularProgressRing */ = {
			isa = XCSwiftPackageProductDependency;
			package = 4A4FF3D7239C7066005C5146 /* XCRemoteSwiftPackageReference "UICircularProgressRing" */;
			productName = UICircularProgressRing;
		};
/* End XCSwiftPackageProductDependency section */
	};
	rootObject = 4A22F2502389F00600D30551 /* Project object */;
}
